
Microsoft Visual Studio Solution File, Format Version 12.00
# Visual Studio Version 17
VisualStudioVersion = 17.14.36401.2
MinimumVisualStudioVersion = 10.0.40219.1
Project("{FAE04EC0-301F-11D3-BF4B-00C04F79EFBC}") = "Lib.Log", "Lib.Log\Lib.Log.csproj", "{BB71284B-4A9D-4337-B863-11849A862B47}"
EndProject
Project("{FAE04EC0-301F-11D3-BF4B-00C04F79EFBC}") = "Lib.Db", "Lib.Db\Lib.Db.csproj", "{EDC27BC7-949F-462C-98EE-AE192624F62C}"
EndProject
Project("{FAE04EC0-301F-11D3-BF4B-00C04F79EFBC}") = "Lib.Test", "Lib.Test\Lib.Test.csproj", "{49DCC426-467B-408A-8D20-EE8E697FBC78}"
EndProject
Global
	GlobalSection(SolutionConfigurationPlatforms) = preSolution
		Debug|Any CPU = Debug|Any CPU
		Release|Any CPU = Release|Any CPU
	EndGlobalSection
	GlobalSection(ProjectConfigurationPlatforms) = postSolution
		{BB71284B-4A9D-4337-B863-11849A862B47}.Debug|Any CPU.ActiveCfg = Debug|Any CPU
		{BB71284B-4A9D-4337-B863-11849A862B47}.Debug|Any CPU.Build.0 = Debug|Any CPU
		{BB71284B-4A9D-4337-B863-11849A862B47}.Release|Any CPU.ActiveCfg = Release|Any CPU
		{BB71284B-4A9D-4337-B863-11849A862B47}.Release|Any CPU.Build.0 = Release|Any CPU
		{EDC27BC7-949F-462C-98EE-AE192624F62C}.Debug|Any CPU.ActiveCfg = Debug|Any CPU
		{EDC27BC7-949F-462C-98EE-AE192624F62C}.Debug|Any CPU.Build.0 = Debug|Any CPU
		{EDC27BC7-949F-462C-98EE-AE192624F62C}.Release|Any CPU.ActiveCfg = Release|Any CPU
		{EDC27BC7-949F-462C-98EE-AE192624F62C}.Release|Any CPU.Build.0 = Release|Any CPU
		{49DCC426-467B-408A-8D20-EE8E697FBC78}.Debug|Any CPU.ActiveCfg = Debug|Any CPU
		{49DCC426-467B-408A-8D20-EE8E697FBC78}.Debug|Any CPU.Build.0 = Debug|Any CPU
		{49DCC426-467B-408A-8D20-EE8E697FBC78}.Release|Any CPU.ActiveCfg = Release|Any CPU
		{49DCC426-467B-408A-8D20-EE8E697FBC78}.Release|Any CPU.Build.0 = Release|Any CPU
	EndGlobalSection
	GlobalSection(SolutionProperties) = preSolution
		HideSolutionNode = FALSE
	EndGlobalSection
	GlobalSection(ExtensibilityGlobals) = postSolution
		SolutionGuid = {DC3FBB5E-37CF-49CC-8DC8-4E6CFF8BFE6A}
	EndGlobalSection
EndGlobal
